# This file was autogenerated by uv via the following command:
#    uv pip compile --generate-hashes --python-version 3.12 apps/voice-assistant/health/requirements.in -o apps/voice-assistant/health/requirements.lock
aioesphomeapi==44.24.1 \
    --hash=sha256:016f99316a26725cdf074d10e37693bf3d097bc1b4f9bdde52f9afe1526e7076 \
    --hash=sha256:036cd15e575200144c607b304c29f7fbfd76269705a17c8220c28f2c41eae462 \
    --hash=sha256:03ad7d5c6fbe54e7fbd8a17714cb138d8c42cccb5e490803eb3f5209ed9002cc \
    --hash=sha256:03bac2648f73a212d992dfa0efbbb129df27f06c6c6e9c493f846daa080b2cd2 \
    --hash=sha256:0456b028184c48b50651077dab150c92a8550aab252af6c0b6855a2570785dde \
    --hash=sha256:058779accbe3720bba583093a4c43108405e93cbc6bb96b0ba8b09745d142dfe \
    --hash=sha256:08e70bf4e36b0424fab1a5bdf98d5b86f4709267f15f80418aabeedcc79b3ee3 \
    --hash=sha256:0bb679b61b4590e9fd176ae1df4023ab74ad8188b437d22c132417261eb5ca14 \
    --hash=sha256:0ddddfc648bd48b985bb84178ecf81d2f29c8aef437213a2e2cb708cd92b2b86 \
    --hash=sha256:0ed1fd7eb602441a065b2616fc90147a2051ec8bc5829e8462d0d4030bc1f291 \
    --hash=sha256:1d029e626277484e4887e88fab3aa88d45ed3ef6fae965e2e67f7304814077dd \
    --hash=sha256:1e6997aa3b70110d86d3d4d637e2eafe3f62595bb62ce42ab65ee674c578c00f \
    --hash=sha256:2913e532ed326531607233b6a3d42bb39472eb3872e5ab826b860d4eb52d0c4f \
    --hash=sha256:2c97baacf13bdbae3246e93be65a7977963e3dde8ea04d43ab51569c1c2efa6b \
    --hash=sha256:2f2f7b3da9a4d003b30f958c6a6ee3216393d108f472209c98eaca2d95b91beb \
    --hash=sha256:302217f64a9c3bd1e9ae82492c59267e4d3f689588605d6e3202d7e371b19bac \
    --hash=sha256:303e3d147c9dbb65c185b5378b696c9db495df4ec364188ba976cd39f16a1a57 \
    --hash=sha256:30d760e8ca0b6ac68b077230d48b3e3341a2e5e5f16221f305a697af818a4b3a \
    --hash=sha256:33b516f2775de344d748200cbdfa885e22c21ea0b38cca049a4451154533f53b \
    --hash=sha256:3444155fe5e92c5a8b086aa21b70979d8833311affbf7ba596bf0dcfa12d1494 \
    --hash=sha256:35c204bb9a84620a58aa67bb1ad3c92415420e49d2cd44e61f0fc357f30e50b7 \
    --hash=sha256:39c84ca5376fcdc9319b0bb83005dba49e4ba6c379e2c481916b18e3c4799fe3 \
    --hash=sha256:39e4167a9ff6b49dd3646ef5c84f030a2818c6e120e752aa9447b952e8a34117 \
    --hash=sha256:3c5166229903294114e75964846cd71078acd74a2d87b1221320771ad91423e1 \
    --hash=sha256:4244545f2b5a61b2c0a160c0086258bc78bf511c2744dca67be4c663b7744013 \
    --hash=sha256:442b5c141a134d8cd02b9fe97205f6c61e921658af53561f2fec417fe1d41a28 \
    --hash=sha256:44e57d33e0e63d89fe984f8000cf86a119e7fe405761b3f2b53d34d734152133 \
    --hash=sha256:46072dfe69afc4b46a801b87448623f25b7e493d122adeab9d4d99dd5a3e09b6 \
    --hash=sha256:4d36bbfbc1bc632ae0da2a014ddbb72b76446150fd6c799b0927c2f1ab68ba36 \
    --hash=sha256:542fbd45b6e84c245695ee49e53601eb63664554e0cc3a1e4cbb5361e8dea5a5 \
    --hash=sha256:5a9abc9f43aa2f4706b89d92734e940ad9434b5c0ef1aa60d8219bce59c449ae \
    --hash=sha256:5ec2a1a5945926c277970173bd67dce53c6bd2dcd1d290d04df5e1ac3d2c18a7 \
    --hash=sha256:5f1894c31de29ea84f5b2541a268da70002682fbfea6a9138069fe066b0f16a7 \
    --hash=sha256:5f793a816c78bc2fdedba935b52053ae05daa0ea41993b84d1c12984a58028fd \
    --hash=sha256:62615a3d5283f2a664e6055c76d1c69baf74257eb957d5c2af075e7100e13fe2 \
    --hash=sha256:62d487f4cab5093f3978e91fc2afac3ad9a627301a19e1d9bf09b0ea05489a1e \
    --hash=sha256:6b3573e19a98d769cf5de733bcef12a434710652d29769f213800cb4442c1d8a \
    --hash=sha256:76d83849c3181c1f2bb0eb250c4b23be4344d4ade7a45bb012415847b30ee5cc \
    --hash=sha256:76ee44a82e3e1229027ff2ebda057905d63dcfecc5cf2e7804d0e9283b784c33 \
    --hash=sha256:7e8f4654deeb85bc090b24d60c071c911f44c985cc840ad015ea0320b76cbccb \
    --hash=sha256:7f9faa3413efecdfee57131abfc9db0a5a6db3abe19869cbd06903a9c00d7a6b \
    --hash=sha256:847da0574c00e53e6cd2e8c5b17e715928b738490a1983f9394d651a33832d73 \
    --hash=sha256:8f2e7bff78a4d673ab928e3e2f48877412ff9862bfa6b5ed33ecc9aaa34d238e \
    --hash=sha256:98ab4705e8b33cb33a9bfeab481fa73fa7b27f0c88ca96eec8964afe8ed2a72a \
    --hash=sha256:a49363bc3173f26cedccdd07210d3ff93cd24ecadd97b2a82fbf03f74707b078 \
    --hash=sha256:a50f719f81fae97428877beab6f47753b18e7080198d383b8c3886c3da656e9f \
    --hash=sha256:a896aee75d79c8a30d51726a419920eccd03395bcc0ed5bfe3e515728925d833 \
    --hash=sha256:ad3a746b02374ae30332c2134b3647b65650de9f805f8941521e222954bf16e0 \
    --hash=sha256:aeace312c3594c53ed160bd1dd4c05fd9d89512b06045ddaa156f80cc1812cb5 \
    --hash=sha256:b0125b8924a8fb7549ab4d16b9c8ef83848ceee66528411e4157d782df921cd0 \
    --hash=sha256:b0ac2857fd92b0aa16be8be7c8e7beda685ff904a71ec59c9df734d98e8261e8 \
    --hash=sha256:b3a47ebfc7474850f1b2f0c32c43c07637bb11b47edc6b635805c759a44a2638 \
    --hash=sha256:bfafa4837214b9d116abf9594762cf8c671c3f56aba210c0b0563ba153b153c3 \
    --hash=sha256:c3597134206954d97c3741ae801074947aef82f6c87903d54d0caa27a4eac010 \
    --hash=sha256:c423ec423bba945d0608070037327cc0d8a7a83bbba613b5568f6f8c563964a5 \
    --hash=sha256:c745cef5973675ac94911c7f957c2719263b1cc8b38d556f0ec6c4ea959f8e96 \
    --hash=sha256:d11ee3b888c5c8fc0227952a80a1e28e478cc9adde941cb2e16fa1baac917de9 \
    --hash=sha256:d3fc5757337253cbd9f635bd370e21321e97327c4bd74e02c3c3988db534a26d \
    --hash=sha256:d6ae82c900ad6e1c4ca0dcd7be2f9b2970d16de91daf58b97cd354dab0ff0b5e \
    --hash=sha256:d6cc325ea4a210d74eb2cae6815032fbac819ad68da45e0f0985f4f1d81b2e65 \
    --hash=sha256:d75fb43d42d23aac19370482b4fd062b2ad07803a7a17f1cc041feff1443ef91 \
    --hash=sha256:db9823d5bb513a71b2796c99078d8c2e13faec589f713d1b61d1254462435f7e \
    --hash=sha256:e1cd2e5a0b3f6cff04004173b31279feb50f868f491817f7f9fc772a2a64da3f \
    --hash=sha256:e2d5027521319f2212f51c5d05140a4e2c9b6f95e0ce6c1b029809c50dbc43ce \
    --hash=sha256:e3f434ed993878e7e9fdbad9a1099dbf499b5c34fb2a1930b5d70580a8892113 \
    --hash=sha256:ea0cb6eed1d4b383cf1885fdeb7be06f690974e5abd0027af872cfda3e6fc879 \
    --hash=sha256:ea0fbc515e8cb9ae389975281b87660c71b15db9b1055a8007515b5e7f2a318e \
    --hash=sha256:ea76b1024914006044fbbbe1296bf52818d02646ba02aaebf6e4ebc0f448ede2 \
    --hash=sha256:f15246ed1bb6fefcf97d548c61d4e207eb9c2fc9200267933fabad915fb3d93c \
    --hash=sha256:f1c52672afd7977c692ad84f57d5239d083b04a6402375961306576a6944f89d \
    --hash=sha256:f62a4c34770760c543215c615cff49a9bfa11230da198428de58815fd39ec32c \
    --hash=sha256:f931764b2ea0f22869a01853e46e4e7e4a443a8bb0414f1b1b04d16a320d76c9 \
    --hash=sha256:f9ad2c457f03fdedcee6a6e12a56fff5042f2517a8eec9801a59627c3964645b
    # via -r apps/voice-assistant/health/requirements.in
aiohappyeyeballs==2.7.1 \
    --hash=sha256:065665c041c42a5938ed220bdcd7230f22527fbec085e1853d2402c8a3615d9d \
    --hash=sha256:9243213661e29250eb41368e5daa826fc017156c3b8a11440826b2e3ed376472
    # via aioesphomeapi
async-interrupt==1.2.2 \
    --hash=sha256:0a8deb884acfb5fe55188a693ae8a4381bbbd2cb6e670dac83869489513eec2c \
    --hash=sha256:be4331a029b8625777905376a6dc1370984c8c810f30b79703f3ee039d262bf7
    # via aioesphomeapi
cffi==2.1.1 \
    --hash=sha256:046bfc24911b37851ee1b51aab8bffe713d89c68c6a057b09484ce9fd5f69b4e \
    --hash=sha256:06c72bb76605a4b0cd0aad6930b69d4baf7dd5d806cfc409b824191099700e66 \
    --hash=sha256:0beceaabe56af686895136a2de78db54ecd8e4046b236b8fd6d6cb61389e9bf2 \
    --hash=sha256:154852545011f779917b11c78db2358d095da62a9a172b78ad0a583ee5adc0d0 \
    --hash=sha256:194cffa889098ced9976c3fc6340305e43f6303657d298da55366907c05c22d6 \
    --hash=sha256:19ee6127ee34de7d83ce3d371ebc5ed91addbdcc39f9ab15ce4eb35a4e534971 \
    --hash=sha256:1a18a57b58cfb21fc28d72e876acf10eaed67a1ed96226f92af4df681d571c4c \
    --hash=sha256:1aa5645c30469b09530c4ebca77ebf8f17618293c58f8549cb1a543a50236e7d \
    --hash=sha256:1dea0e4d7d4f11f619fe8c1d76caf49e24405b4b5743c0e3be16a500ecd930c9 \
    --hash=sha256:208f941bb9d18e768138677f0a6d2ce01f590df56043dda1df1535ac57c88517 \
    --hash=sha256:210019b6c7cf07f081b4c54635c8cf744377001350e29cc0f81c4377b4797735 \
    --hash=sha256:246fa40ce8645a614ff682e0b70f37134e460eaf93a775e0cbe3cca585a67a80 \
    --hash=sha256:25792eac27877609e7bb06d42ff88278a6624fff2ba9bbb523c09616b117e80f \
    --hash=sha256:27350daa11d4f10c540e6e89dada4c54feb7256ad03e9a4dc075ebad7ba360d1 \
    --hash=sha256:28907ab9bfb6aa13184cfc17c6b8e1023c5ab6fd7076d8c20a35e59fe04f8f29 \
    --hash=sha256:2ae64be792b8966f2c69538199728b290e34726562896df1e5dc8ffd8d8188e8 \
    --hash=sha256:31348097ff5bbe827ccc41795d4dd099d9f0625e7def00ee653c137a490c2a6c \
    --hash=sha256:3143d81e29e1e20a9ce10901ec369012947876596f75a222235965f2b7ae832e \
    --hash=sha256:3222ba5d678f80a030e6afbcc33dc1ae5cb45facabb61cee2c7016b8432fde48 \
    --hash=sha256:3311ed60d36f83378794e1009ac6258bafbf81f7888b4caa7b35a521e3f95813 \
    --hash=sha256:334644fbac4eff73d985a17a91226df55d0f394160c4cfb880e084c8f7161cac \
    --hash=sha256:34e261f78cb6ceaaa36f42f2613f4380d94d9c759a9c73c769ee6e0247364632 \
    --hash=sha256:363e05fa78e15116c3c32c210ee36884fd6b9afa6d440e47112c3bd511d64cb6 \
    --hash=sha256:398aff33cee2767e3e781d2554c54bd0dff386bb437581e0d8011fde1a942ec1 \
    --hash=sha256:3d22a20b1fb1632cc72c22f95f7b0d2961c3e1c235f245ba4c606c4771035659 \
    --hash=sha256:42a494cee34437f05546455144f2b5d9ac09b1face62bcfce597d2e521066688 \
    --hash=sha256:42e2f76b9455f5a9a844f770bf3e200ed3da0e15f5df3db9c31fe80b04b3d004 \
    --hash=sha256:42f6930c31dc7f50732c9ae793c2786c7b6b044195967bbdde40bb9be81c4cc0 \
    --hash=sha256:456a61fa52d579ebf9df2e9552ead5129855dbaff6c1e5a9b1bc408809bdc062 \
    --hash=sha256:471cee653ae88de62096552e6d24ccb4a5adb8c8c9f10b5054d0122c15bf2779 \
    --hash=sha256:49cbc70e6542d4ccccb936558d1064a8012541e78f821f955cff24e357776c94 \
    --hash=sha256:4a7c934f7360e8cd64fe9efadcbd10c7c6364f531e432b9a4bf5ccbc9e0e8b50 \
    --hash=sha256:4be96343e422f2dfcd12ab5c9f5aebe03f82f737c6bffeca6830b3875cb44aab \
    --hash=sha256:4f42141fc14250de6dde5ee7ea4432be017252d91f19c5ad043c084cea629cac \
    --hash=sha256:507a24c282e0f42f8ed737cf048572cbf580468da5555764a8331735e9c736b6 \
    --hash=sha256:51b31d1c98274844cfd7838ce00bfc27c7423a4dc00fc0772fc3331c2cc90676 \
    --hash=sha256:58acb8ab8e295e6c5ea12f888cbb13cf21511ef2a3303a23f4325c29d17fe5c1 \
    --hash=sha256:5a59cc1c4442bc3d5c703bf720b51138d0bfc173618807c9ee2490a7541dd3d9 \
    --hash=sha256:5bb4e7ea95dcd6a014a6fef62e62467d67d8e582326443f3d68e71d6320a9fcf \
    --hash=sha256:5c58fe613dc5e5336357eff555824a314d8e43282600435c8d1cb6a7a2fedd13 \
    --hash=sha256:5e7cecbaadb83884793e05828cee59b210b24583b9c7425d0ba6a754fe22eb4e \
    --hash=sha256:616f097f2fe415bc92a247f02e11f634e1f9e9a83d327e3c915c15089c87869e \
    --hash=sha256:63bbfd5ded17c4840ac07cd8f1c21ba9d9708141f840b324f422f41b207e3973 \
    --hash=sha256:64faea20f4e2613363a1a9b9c7dd73058f3ecd00133a511e72ad7c511658f527 \
    --hash=sha256:661c298b4821edebead0c91edd2b00374d67ad7c5a1f7a91d4442633b79d6a72 \
    --hash=sha256:68e62fe11f30d5ca8289242866f0a5291402d8529ca2178ab8afc5c9694ae890 \
    --hash=sha256:6a8dddef476fab96d066d578fc88526767b836ab5ab21754e1d5bf3879c31c7c \
    --hash=sha256:6e192623c49c94421616a5778fba35cf0d5a8d000650c1967ef4448ee5cdd990 \
    --hash=sha256:7225e4514edb64eb6740324353e0da0711954fd8d7da4576755b1c6e09b697cd \
    --hash=sha256:75f80557d1389eddbd0de2681f6a390a0c5338c31ddaa821381c203fc3fd50d9 \
    --hash=sha256:770de9db11e84213beec501cfcaa013b019820ca881e03344dea5844f7876d94 \
    --hash=sha256:7750c6449dff7864bb9bb27ddfb0267756189201a3afc911d82b3caacd70dfc3 \
    --hash=sha256:7bde5e4cc5c10140859842b9d383af292b22639a4dffb725314baf45968cef80 \
    --hash=sha256:7ce713ace7c0e4520535b42b77eaa742c16dab813978064913e5a3cf82973b41 \
    --hash=sha256:7da0c5eff80f0197f3b3d1232ec5a682a9325f4ae9016a78f5f5ca35f9ced1f5 \
    --hash=sha256:7dbb61fe3a7699468030f71bbe5f8a0e326a151daa91beb11a6fc1f980c55e1c \
    --hash=sha256:811bd1e21d32de12efca32393a0ab3f5133b54fce9bd44b8bd77ab07da14bf6a \
    --hash=sha256:8ef53b2de9bcb9197d31854256575d59dbac0cba72ac627bb291ef5eceb74be4 \
    --hash=sha256:937c0052c05a31ca1daf18de3158eed4dbfcb9cc107adbea227728d647be701e \
    --hash=sha256:9d2055050ea716bd38b7f7f1579c275386646b4894c155a3e2f3cd62ed41b7c6 \
    --hash=sha256:9f8d177621de5cb38ee3e731eda45d421db093ec0739f46a5594babda7987a98 \
    --hash=sha256:a2d7755bef5a12ed488f4ef1f1b69ee9191d7396083b755a5d2295f6edb4768b \
    --hash=sha256:a48d62ab9d6f4f98c983223a547af44be6ca3691074c31cecced6facd3ba2dc1 \
    --hash=sha256:a4f00aa42f75d6e4595e8866e748cc1705adc0cddfeb2ca86d0d03993d63ba03 \
    --hash=sha256:a6e721d4b0e45d5b65e87534470e67b18dcd092c83f68fba09f152b9cbc061af \
    --hash=sha256:a730a083190634c65cca36ba5f489531576ebd79bcd5c8e172130f6453127231 \
    --hash=sha256:a931079504ecc49efed7744c476a5c343a92fabf66dec2db95edb1b2fdc770e2 \
    --hash=sha256:aa9511c62d14da7aacc9b4bf51f3f697a621e83b2d6919008243c3aad168eea3 \
    --hash=sha256:ab36d55f9ed2d067327667c2fea18dda018eb628dd6347aa01dda6cf1f5d3836 \
    --hash=sha256:ad2c86c495b899d862ea0f4b42891b8713a3bd45dd4105c7fd51c2a72f39f3a5 \
    --hash=sha256:aeae0e330c9f6acd681f647d46cefd30c29f93e3392882e792e82080c9691399 \
    --hash=sha256:b0431303acaea1089ad4b3e9ce4e6518193def1118d4073ca848635ee4ea2e96 \
    --hash=sha256:b5bdfd1c873d4e093aabc0ca84c4ca6dbc4f752afb5c86f146d9742580c9da2e \
    --hash=sha256:baed1e86cc735622097354b9d1281406caf42ff42a886d29faa8e8d1630333be \
    --hash=sha256:c1453022f490d2459a11819d83ad1d586e9ff65a12ac3e705ffebd46d3685dcf \
    --hash=sha256:c26608d2222fb1e94487e4a387d85f13eb55d5ed725cb25a0c589ac4ee60e7bc \
    --hash=sha256:c7659f22557c5a0bc4855cd635f55edec690cc008a40768527762cb9fb263455 \
    --hash=sha256:c8c69575568085ba0b1b10c0249d779a214aea6f6522e949a0fc9fb0fcb449d0 \
    --hash=sha256:c8d2c9fd1f2d16f780d15127abb050d13d1a76c03a4bd87d7e4980e45e511e12 \
    --hash=sha256:ca82be1a1d406ecfe1d25dc16cb33488e5a16bf4438c9fb590484ea29d92478b \
    --hash=sha256:cc572dace3f60ef98d7b12ff411d20f5362feb31a0439eab0085bbfd349982d7 \
    --hash=sha256:d18e5ac0f2f03f4f518d3e23db0f0cad7faa1da8620e9c09461d443bbf6e6692 \
    --hash=sha256:d28630f5854ab07ab1fd4aba756de52326c82e6be15d414b12793f1975048b54 \
    --hash=sha256:d9c275eaacd24aa73f94ffd6de08fc3f932424d8b6c376f4bed7cde376fe7bc3 \
    --hash=sha256:da0e573f9f97159390c89d9f1a9e41908b66d408cc5b58d08cf3847d844c531b \
    --hash=sha256:dd31f52ea1086513bb9df30f8fcee9b8918323ae067a3d5b78bc826a000712be \
    --hash=sha256:dddad92b554513a31f272570678ba307fb9f618f05e3d4a5eacafff9eae03e1d \
    --hash=sha256:df423d40ee8654634421812bc3b196da3f9bd7d32929da813f8394c4348a5358 \
    --hash=sha256:df913725b79db7bcf03448f36b7bf8815363417d5b58deecf9305e3e30f0f21a \
    --hash=sha256:e0bcb7e0f677f543555d2adff3bf19c05f66cdb4796e5ff602442ab2fe3c4ef7 \
    --hash=sha256:e2d65b31f36619cda3999b78b2aa9632e76b78448e7a56fc4240824200e7c4fc \
    --hash=sha256:e6e8cff14d6fb0be70a09c0bdc58096f501952d04624ebf867e0e56da2df8960 \
    --hash=sha256:f16c709686a78c727bbbf059f92b0bf41c6fc60deec706d2dc19f529175a6125 \
    --hash=sha256:f24fb43132a4c6b4cb4eb029492919b2db645be6808d738f244fd146c03c32cb \
    --hash=sha256:f53e442b08449d42821fa4a4fba000095af9f62742a500f978a9f557ec44339a \
    --hash=sha256:f5cfbc5fe74540d335175b656c725d74d90e3730c626d92575eea35029d9afaa \
    --hash=sha256:f81b3b8f3d4e343550fa4baa0e479bba9f2d29ce9c2e9b51d1ce1718d7442fcf \
    --hash=sha256:f8ec5e643a9a937f64e1999eb9f75d072263751912dc5cd06d3c85f8f44be7c3 \
    --hash=sha256:fb92203a88b3d3053034db775110081c49d28be6551923805e039924093761e4 \
    --hash=sha256:fcd22650c908d7b7da162bbfaab594a1227a15d1643a98c68b122ac642fa2264
    # via cryptography
chacha20poly1305-reuseable==0.13.2 \
    --hash=sha256:c7dba7c3604a9fa51bcfef9e4bfdaa3bfaadd88b6c5436a27be1c7e9c4081048 \
    --hash=sha256:dd8be876e25dfc51909eb35602b77a76e0d01a364584756ab3fa848e2407e4ec
    # via aioesphomeapi
cryptography==50.0.2 \
    --hash=sha256:0ddc924c04591c2811ca024d62ecad4f7f6f08af8939c211438f48a16bd23602 \
    --hash=sha256:0ec5f09541743261e66e291b4a0cbf0fb2997aeaab6d9e9c740b9dba1b58d1c2 \
    --hash=sha256:0ecbc5652bdb6fc9eaf89a7d196e20941adfe812f43bc4ca05d9150496821047 \
    --hash=sha256:1981f1db4630889b9ef7803fadef12b056f428cb6b85c27ba57b774793b6093c \
    --hash=sha256:1ba34f04897fcdaa73f74145c25f3ec146fbd56593853e88adc2e811303c5f42 \
    --hash=sha256:241449bf940a5d27309bd317e6f9a2af6932113818bb2b8f5c59ddc7ef16da18 \
    --hash=sha256:25784ce8b9621c90c643efb9e1e2162ab3b0224cae446ad5e70e7fcb1ce18b51 \
    --hash=sha256:3dc4fd8058cea1644971207d530e1a03a184a805ffc8ebdddf0599d78a331b81 \
    --hash=sha256:4061c0079120205fb760c58acab6443e217307dcf05e3702cf970e0689972856 \
    --hash=sha256:4a20ce1e5cb4284a86692fdcba7cb8754185c6b2e5c56fcef3751cf451d3cdc2 \
    --hash=sha256:4e81d95e5bafc2d6e34e4bed780e53e4d5b9a2f928573428aa4d35fbec1eb0de \
    --hash=sha256:58a0c478eeca76fe5e07993c5a0703def34a6dc6a0cda4f5564639b33112ffe7 \
    --hash=sha256:58ddb5a8e3179d12f19e4ea34d2d32e9d63a4baa142c875c1eb59f41b7243acd \
    --hash=sha256:630ebfea3bf689d075f82316324ff7433dc447fe6bc1bfc76524b74b4a9567d2 \
    --hash=sha256:6f8700550aa1474a91e5dc07049c46f98b423b5b1ddd0483e0b51362eeeaf5be \
    --hash=sha256:78198641e5be9521beea5aa782bb551a58068d10e6eb04c9c680c1b69f2e7d45 \
    --hash=sha256:79def8d059362e7831389ed3be0ecdf58a89386e1271e35dd9f5af84e81bffd0 \
    --hash=sha256:7a8701d6b584d76e909e3d305b7d126b41439876a5aaf76cddc67fc230eafa2e \
    --hash=sha256:7afa5a6602a9f29af1f3a2965f831bae7c9d5d597b7cbb716d41ab3b7d89879c \
    --hash=sha256:7b46165bb56eb4704e2eaaf86f3c940d19154535d9b0ca7d6d590b04060e00d5 \
    --hash=sha256:7b75de3c8b3be1cdb1052747c929440c3eea46c1bc2cb8a6e3a48388e9b7b452 \
    --hash=sha256:7c6d0330c472d96f6a6afe24d80dfdf15176c33096f0a4397ae4c60f3dd3be48 \
    --hash=sha256:828d49b0ff5a0e3975865571c5d91dbbdd0d38d8289b249a163e9425413a5e05 \
    --hash=sha256:84f964e537f916e2cc85199e5a88742e964939b575ac8598b3f9d6cc416cdaf1 \
    --hash=sha256:85d0d9a31b9098e98534226d5686b47264b95e62ce459dc2e62fdfc809f9fe93 \
    --hash=sha256:87e9ce85beb6b328ba370cc6e6aea483c92617b4c95b1d33a49297eb662bfb04 \
    --hash=sha256:8c71ba2cd31fc93748c38e1b613200ff1c2665cbfd5341fe3a61cfde35a1430e \
    --hash=sha256:92e665960f25fcdc73725b9cec7a3824f279ba97a98653afe9ffac2e43668f67 \
    --hash=sha256:94e5e9f108ee10471288214d3d233fbfbb492840a8457eb85178d643ddeb32c7 \
    --hash=sha256:9c8402a82ea0dc4ceeab793db05f0fafa8ca139ca34fcde5df0f596103c74107 \
    --hash=sha256:9dab55f57c74c3cad24c323bacbbd04be4705ba6eb0d92e920b1fc4837ed5079 \
    --hash=sha256:a582ab2ae1d34f67112cadc86702774c9ea4374df6bca6afe672817203c99134 \
    --hash=sha256:a6557e5f38e065ca9fbdaf7cfc7435ecb1d113aa81a022d1b51921ee7432e227 \
    --hash=sha256:a9f7355e6fab51f6c369b86fb7571cffa05edee2c2121e0380a37fb9ac1cd5c1 \
    --hash=sha256:ab50ee449bf968271e820086f10a33d101dd060370abc10bcd22279be2656539 \
    --hash=sha256:ac9ed99d81760c62fe89d5f0815cdfa1ba9a35141cf30f1c2d044f04b4803d2e \
    --hash=sha256:b13478603dcd0a2479ff8e87e2c19a7d525734686fe3c49542472293a204212d \
    --hash=sha256:c423ab384a46c4dff7217b2ea5ba2e11cffdeab6441acd04cf65a369caf0366c \
    --hash=sha256:c5e67125c7dca78d199ec4e116aa93dbb83494808ecbb8211a2cb09b1bf41dbd \
    --hash=sha256:c71be1cbfa5cd9a41ee452acf1eccd82b2c05950358b106ec8ceb83411d1a020 \
    --hash=sha256:cbc8738fd8526d80f35cb3a40d41f41a2e7030bb3b18b09a6778ef63d291c2fd \
    --hash=sha256:ce47f66801c20ec6c6632453bb5960fe38939e9306970b48b3a5a26de7745d94 \
    --hash=sha256:d370b8d1dfcdf7130178137f6fbee6140774a1acc6cacefc4b42643ec11d0a3a \
    --hash=sha256:d38cdff612d06fa6a32840d5e1b1f7a27cee4a349aa9085d94a67789d6bfd408 \
    --hash=sha256:d8947001be83df1394050758ce0e745dd74fb134eef0a4b5124208dfc3a68c37 \
    --hash=sha256:deb9fde5c60e437ee4821bc9bc39ff31b42135c27e1dc61ef0a629389c1de62e \
    --hash=sha256:dfe9763530994147d9af1def057a5b9658b00e8f8fe8743d144d1e0911c2e454 \
    --hash=sha256:e105ab60406787da31fccc883fc0f733af1efd78f0136a4599692c4083a73d0c \
    --hash=sha256:e275096ea1e60cc595cda2836fd4a6c725d1125108b868be17f53684d164e2cc \
    --hash=sha256:edc3342adf8f697fc5f59c887a304356f147b397809440ed64e2fa6af2f50f37 \
    --hash=sha256:ee247f5c245c9a2fe7c8e2214e295918838e44e00a45a6718451e4004219e767 \
    --hash=sha256:eef4c2f3423810b3070ab391f85436d2f8bbfcb286ac15cbc73190b3563b1f1a \
    --hash=sha256:f21e8a22c8605750c7af886bab299a363721264061b4ac0a30efb73cfd58efc5 \
    --hash=sha256:f265528741e048bce55c3463ed721fb0aa45a5888d8add8cfeccb3035451bbdc \
    --hash=sha256:f2f9bd7f90c64fe89253f0a2c05e3c4856072660429ce8831b4235bf29403a67 \
    --hash=sha256:f785f6161f202ab04d8ca194158968798e480ca058943907972da5f12e2881e8 \
    --hash=sha256:f9f6143a8c75945eb960d9eb98905a441394abfa24afaae239d514ffb2586480 \
    --hash=sha256:fa8f5efb344d6908a1ce62f4a24e2e5780f825d6f53f5f50ec5ffacac72936cb \
    --hash=sha256:fdd28f912fccfec1846a94e2e1e8f9b0012f557f0c46fe4f3eb0d7a87afcf90b
    # via
    #   aioesphomeapi
    #   chacha20poly1305-reuseable
    #   noiseprotocol
ifaddr==0.2.0 \
    --hash=sha256:085e0305cfe6f16ab12d72e2024030f5d52674afad6911bb1eee207177b8a748 \
    --hash=sha256:cc0cbfcaabf765d44595825fb96a99bb12c79716b73b44330ea38ee2b0c4aed4
    # via zeroconf
noiseprotocol==0.3.1 \
    --hash=sha256:2e1a603a38439636cf0ffd8b3e8b12cee27d368a28b41be7dbe568b2abb23111 \
    --hash=sha256:b092a871b60f6a8f07f17950dc9f7098c8fe7d715b049bd4c24ee3752b90d645
    # via aioesphomeapi
protobuf==7.36.2 \
    --hash=sha256:497d0463ff3316681da6c0b9e8d06cb465d61abce00b613ab42226175644d1bb \
    --hash=sha256:89f23aa53c24553a2416fd4fd1ec06f74fa42b14b546d8883128813f775bbfd2 \
    --hash=sha256:912c1221170e16c08d1f086762f563dd61ff83c18b5fa6652952dfaded66f728 \
    --hash=sha256:a300819d441e078a5608c0d3c709796bb548136058fda017ae51d425b44fd353 \
    --hash=sha256:bdb3a345d48db958e6ce1f18e508beb0cc981d64f24088427549c866cd039f1e \
    --hash=sha256:cbc70b17ee27e28894c7fee8bb04be1abead49e936bc70eb60052531eee2079e \
    --hash=sha256:e11e1f0180583a2af89db6a2ecd9e8dc40aa6d2988ca175bfd0e6d12ea72d74e \
    --hash=sha256:f4fee11ec330d238b34a05c9b675f693c20415d1c5bd7d5320cc2f8a798eb9cf
    # via aioesphomeapi
pycparser==3.11 \
    --hash=sha256:51d5a8ba2be0bbe440b99d2112604c95bbbc3c2748a64260186c541e1729cd80 \
    --hash=sha256:d875f09c3507d00e1aba0eecc6dcadc1352f30fff09dc6bff2f1c2935e97c2bc
    # via cffi
tzlocal==5.4.4 \
    --hash=sha256:8dbb8660838688a7b6ba4fed31d18dedf842afb4d47ca050d6d891c2c15f3be4 \
    --hash=sha256:aae09f0126a8a86fa736be266eb4a471380d26a0de3bc14844e7821fee3e2a15
    # via aioesphomeapi
zeroconf==0.151.5 \
    --hash=sha256:00ee9d456519c45c94201334d5cbd2699d5de9cc9ceeb647203b85295640abab \
    --hash=sha256:05cdec63c6bc2fde2086a174339b40947bc30eead775effaab90c20558835f89 \
    --hash=sha256:09a933cd3a4bb6a5a0eaf84b58aa0d32af330aa81aa75fc0e300551ccb9b775b \
    --hash=sha256:11cc483a2fb4a08c8f3456d574c4b64dd8413028fd0bafc8eae77987a63f04c7 \
    --hash=sha256:137f3c5cf600fccd100513e6d22a265d1b0301278607b84b9eb2de1e54c72fde \
    --hash=sha256:1ab36f829be85f6546476be525463879e11ce67c6eb18d0b01b1c2b989ba35d0 \
    --hash=sha256:1ef99729ee6109f08ebee6ce7ef7bd4280747848550462d40275b059e3eaca57 \
    --hash=sha256:1ff72dd4ba1549814dcd87104997f324989fc2319558e6f4461931c4fc7dacec \
    --hash=sha256:2304c3fd4717422242cc78315b37d48613109963900e0c9a2b784a91fd6e9c0e \
    --hash=sha256:23f5d281c130af8f4976a611a1db196d17395d69815aeff3537a599430b9ca5a \
    --hash=sha256:244d853ec76620cd31c5c4657cff22fb34e181826d833134244135202f92888f \
    --hash=sha256:28c2ec9d772007eedf11b41a9c9fd3d5c684c17b00721ff8f1ee31b20ad286a1 \
    --hash=sha256:2e843fdb7249cbf612cf0bdb729d4581d057b78c45423bd46a6bf377832b4ffc \
    --hash=sha256:35b908297f4a36b5a934aa25dbcf5078bd26fedd7203bf92506041e0bfe32616 \
    --hash=sha256:37f8a073825a208878e994300c0feb7d6b253e2af3d258678a8beec6b020506a \
    --hash=sha256:3cba88b0fb77ea1b4dceaebae577c8245852159c525201b2453cd3bd5715cf56 \
    --hash=sha256:3d3d2f0eb51e605f2010e83ab49db34c70c51304ee88a980ed1c59c0ea20b82f \
    --hash=sha256:3da652fc2d7ba788651b8713340b6470e7218f6fd8392755666a49636d9d3383 \
    --hash=sha256:422592b2d7dbe8c82fb0ec38f33898fa4a580587a8ee9a1554d1d5c477cf7903 \
    --hash=sha256:44b34921217c4387cdb0b4b08ae510d9adbf76e80a3b84ae3f7c1f8cdc60c436 \
    --hash=sha256:470ec9d7056d8e4d22e22c699a6e2e544c3e0b7bb2d49b700ef516e18d5b67a4 \
    --hash=sha256:475e527d371fdc8d29d10cd2300140e735a8562df041041465704cff63452d9f \
    --hash=sha256:47b9f3f49860cb60dd5d1453c681dbcced4cac96960935f1b9f7c24d7f3993ce \
    --hash=sha256:50f67bf880c28ddc1d8c5717d759ef955a04066e5c9dbfd2dabb0489d01b7239 \
    --hash=sha256:532e28946f6b384369747771e71094f76aa75b4bc2dfba6c099286d90111caf0 \
    --hash=sha256:56060316f3464c86c1fbd32287ffab28fbb9c539ffd6a6e070251c455252c50c \
    --hash=sha256:5846416ae2bddacb1bbb755233dd13c4bd15d94dfd0feb23a4b1abe1e2312302 \
    --hash=sha256:5cfb9d625a12bb6788c142bd238479444ba43b8cbb56d6e0fd2becc17ef8e4a3 \
    --hash=sha256:5daadc4306a6def67187dd8a4ee15978d0c4d425bad4dfef7b2131e909edce02 \
    --hash=sha256:6385a69307ee9ccd71d0d2374f0a822590e2468919acbd4ae6bf3ab5f501a1f3 \
    --hash=sha256:667d8fb8f6cb02d9e28085759f5c336b26fc596ce427a36dbb20ecd440dfe029 \
    --hash=sha256:6a4bde05914a6dc6a4de83fb9f85ebcbf7fb1c89d9021122b689ebb6aa9d717c \
    --hash=sha256:720a872df2924faedd33c737c2b8a4ac43c045b0b278c58d8b32e1eadff4fa9f \
    --hash=sha256:841b16e18846132fd555cba136fbca2ff33ccd5b332d2c54293ceba242851e7e \
    --hash=sha256:849c312c7c2f23f1e681ad8d3d2ca4189fb4df9cf426ad1933b3ad0403a5b4f8 \
    --hash=sha256:8905f5ccf8cfa7e767dc9b0dd009e2787f8d8e5595f2a6d9c3e956cbb1a397cb \
    --hash=sha256:8b15a9ff99c33622daf4a9b3c0bd0aeac7532b86d62e80e03fc3fab7e154140c \
    --hash=sha256:92d5f219f09a45bebf28ce40776dbc1f8a0697871ceda8b6b9f2ffe8209826fe \
    --hash=sha256:92dc32ac2ce69967d288091106581da063136441bd22ad8efd5bb611d692b890 \
    --hash=sha256:92e9a1494c5938ca4e426150a3ad575e9b2ca14cc8af9372124d8800d791b1b8 \
    --hash=sha256:9583f52f51f08f7b14e9f09d99cc0e5ed29afd02bfef6f9d89f175a3e3582a33 \
    --hash=sha256:965d9e92ad34896a2537352a37affcff2daeb8c7af2072451220e753f0de990d \
    --hash=sha256:99162e67862c2f17aeb5a432c70757419573e33cfab925eed566f8bc2a346bcb \
    --hash=sha256:9bfb0efd3d9259e3a5e9b2373f895900ea3951ca843be84772b6726b8f16dd60 \
    --hash=sha256:a382205700aa8ea63634b4a92b41176a6033bef7ec2380bfd0503e3e11e6d598 \
    --hash=sha256:a48fedd887c3bafe45cf24e08aaa06a1b641ec3403696f4a01701ae64c9088a0 \
    --hash=sha256:a561c0d95c96aea326bbfd8577044b22499a6154c4ee6a74bc70cd0cc1185743 \
    --hash=sha256:a941c82401ae04d8548cf3567b22347509b589a867adede2646eee9bdfd4f446 \
    --hash=sha256:ab67bb2233a0d9ce7d71d01b6791dac50d56c5a814ef1553ac97ae9c43e7eabf \
    --hash=sha256:b124e30e18f29690907f7f7ed8b79ab34fa8f40fe300a6f5a8f21b04148497e5 \
    --hash=sha256:b2c0ec31fd0195b3f32dcfb4b6133189278ad18fb27f88a20857adaa8d1589ad \
    --hash=sha256:b6715218b4348b306ec11799cbc6e365fb078b60e0e5a384c5a6d5f48a495025 \
    --hash=sha256:bd773d22ddd60f696e0be063a925a9d34f8de7bcc40e4b9c9360c9e081f97ab0 \
    --hash=sha256:be010daad6e60fbdbbd085c6873dd9b491b2cd1e93f64e4a58722b2db72c2b9b \
    --hash=sha256:bf19169739ee8608748db3533670f1f8622727e4cf189a7619eadf0895ccf2dd \
    --hash=sha256:c1f45df00d20918fc7a0c2a6229ae1f9b44fbbef6a161df96c7710098c82e019 \
    --hash=sha256:c24366d4e60b72adbf6fc954fb8df6165dae44d137f5c8afd8f7272995580681 \
    --hash=sha256:c3f34b0e863f20af95fca7ef5871536015c964ce07462b6462c3246f6a385177 \
    --hash=sha256:c6f98dafac6bacb715fd6644921a9220c09499fcaedc308d27e6fd4fd157837e \
    --hash=sha256:c967096138b7a38ef51b54d71966ec234e1c0353485ab1925b845106db938e47 \
    --hash=sha256:d702be8e8b456470af59fb268b4756c96b4754c7c4ad8c38035c7f0336ac35c5 \
    --hash=sha256:d81e8e2c70cc590573069fad9036d1ded7f135c92ada79c89fe547978acf2f90 \
    --hash=sha256:dc7d125bd01eca9f63e7c65a3e52a81e385ef6ac25721bc67e15b99efc3ce6b0 \
    --hash=sha256:effc02f3ac1b39828b47db5f7c386b57699e2f2292d9d773879a9d1f9ef137b3 \
    --hash=sha256:f13dfaa9091daf9c30198149b5d414bc1e92f25aceb0d8d9c9ca3f7ea7a239f8 \
    --hash=sha256:f346b414b882ac0dee5beb55bc8bd6ad8c7415f26d6ab4629d91bfd6c5f30f62 \
    --hash=sha256:f5e17c8b93fa9da4e6b125e2dd844cec3c5fe60af223ab6e179ad8ef0674fdbd \
    --hash=sha256:f8f7ec289a07acb9e272d0f2998759b76ec81dd23b15a7506e05689f630fafd1 \
    --hash=sha256:faecc5a1f318a920a4f7052a14391ae6def8fd6035313886e88f53705ad9dc8e
    # via aioesphomeapi
